{
  "name": "hide-front-matter",
  "version": "0.1.0",
  "lockfileVersion": 2,
  "requires": true,
  "packages": {
    "": {
      "name": "hide-front-matter",
      "version": "0.0.0",
      "license": "MIT",
      "dependencies": {
        "remove-markdown": "^0.5.0",
        "white-matter": "^0.1.0"
      },
      "engines": {
        "inkdrop": "^5.x"
      }
    },
    "node_modules/argparse": {
      "version": "2.0.1",
      "resolved": "https://registry.npmjs.org/argparse/-/argparse-2.0.1.tgz",
      "integrity": "sha512-8+9WqebbFzpX9OR+Wa6O29asIogeRMzcGtAINdpMHHyAg10f05aSFVBbcEqGf/PXw1EjAZ+q2/bEBg3DvurK3Q=="
    },
    "node_modules/js-yaml": {
      "version": "4.1.0",
      "resolved": "https://registry.npmjs.org/js-yaml/-/js-yaml-4.1.0.tgz",
      "integrity": "sha512-wpxZs9NoxZaJESJGIZTyDEaYpl0FKSA+FB9aJiyemKhMwkxQg63h4T1KJgUGHpTqPDNRcmmYLugrRjJlBtWvRA==",
      "dependencies": {
        "argparse": "^2.0.1"
      },
      "bin": {
        "js-yaml": "bin/js-yaml.js"
      }
    },
    "node_modules/remove-markdown": {
      "version": "0.5.0",
      "resolved": "https://registry.npmjs.org/remove-markdown/-/remove-markdown-0.5.0.tgz",
      "integrity": "sha512-x917M80K97K5IN1L8lUvFehsfhR8cYjGQ/yAMRI9E7JIKivtl5Emo5iD13DhMr+VojzMCiYk8V2byNPwT/oapg=="
    },
    "node_modules/white-matter": {
      "version": "0.1.0",
      "resolved": "https://registry.npmjs.org/white-matter/-/white-matter-0.1.0.tgz",
      "integrity": "sha512-m7WVXylmtCYwhfDgwCqgLlnpbnE1L9GRHX976X9NI8P/mgp0ajaJq5JxQEry/7CENvtY3k2ACaF6NgZf1cJJVA==",
      "dependencies": {
        "js-yaml": "^4.1.0"
      }
    }
  },
  "dependencies": {
    "argparse": {
      "version": "2.0.1",
      "resolved": "https://registry.npmjs.org/argparse/-/argparse-2.0.1.tgz",
      "integrity": "sha512-8+9WqebbFzpX9OR+Wa6O29asIogeRMzcGtAINdpMHHyAg10f05aSFVBbcEqGf/PXw1EjAZ+q2/bEBg3DvurK3Q=="
    },
    "js-yaml": {
      "version": "4.1.0",
      "resolved": "https://registry.npmjs.org/js-yaml/-/js-yaml-4.1.0.tgz",
      "integrity": "sha512-wpxZs9NoxZaJESJGIZTyDEaYpl0FKSA+FB9aJiyemKhMwkxQg63h4T1KJgUGHpTqPDNRcmmYLugrRjJlBtWvRA==",
      "requires": {
        "argparse": "^2.0.1"
      }
    },
    "remove-markdown": {
      "version": "0.5.0",
      "resolved": "https://registry.npmjs.org/remove-markdown/-/remove-markdown-0.5.0.tgz",
      "integrity": "sha512-x917M80K97K5IN1L8lUvFehsfhR8cYjGQ/yAMRI9E7JIKivtl5Emo5iD13DhMr+VojzMCiYk8V2byNPwT/oapg=="
    },
    "white-matter": {
      "version": "0.1.0",
      "resolved": "https://registry.npmjs.org/white-matter/-/white-matter-0.1.0.tgz",
      "integrity": "sha512-m7WVXylmtCYwhfDgwCqgLlnpbnE1L9GRHX976X9NI8P/mgp0ajaJq5JxQEry/7CENvtY3k2ACaF6NgZf1cJJVA==",
      "requires": {
        "js-yaml": "^4.1.0"
      }
    }
  }
}
